// !$*UTF8*$!
{
	archiveVersion = 1;
	classes = {
	};
	objectVersion = 46;
	objects = {

/* Begin PBXBuildFile section */
		1ED73AD8C592D9A906A14803 /* Pods-MayLibre-metadata.plist in Resources */ = {isa = PBXBuildFile; fileRef = 5B57663B181AD1384253C3B6 /* Pods-MayLibre-metadata.plist */; };
		2401354E1D706100002DC339 /* MayTableViewOptionsController.m in Sources */ = {isa = PBXBuildFile; fileRef = 2401354D1D706100002DC339 /* MayTableViewOptionsController.m */; };
		2425E1311CE01BB300EEECB7 /* MayAuthor.m in Sources */ = {isa = PBXBuildFile; fileRef = 2425E1301CE01BB300EEECB7 /* MayAuthor.m */; };
		2469A6091CD00DC200079F58 /* MayEntryFormController.m in Sources */ = {isa = PBXBuildFile; fileRef = 2469A6081CD00DC200079F58 /* MayEntryFormController.m */; };
		2469A60C1CD02CA300079F58 /* MayISBNGoogleResolver.m in Sources */ = {isa = PBXBuildFile; fileRef = 2469A60B1CD02CA300079F58 /* MayISBNGoogleResolver.m */; };
		2469A6111CD0495100079F58 /* Entry+CoreDataProperties.m in Sources */ = {isa = PBXBuildFile; fileRef = 2469A60E1CD0495100079F58 /* Entry+CoreDataProperties.m */; };
		247116C21D83FCD30085A086 /* MayTableViewOptionsBagTests.m in Sources */ = {isa = PBXBuildFile; fileRef = 247116C11D83FCD30085A086 /* MayTableViewOptionsBagTests.m */; };
		247A9F6C1CD1F2BF007A0D78 /* MayDigest.m in Sources */ = {isa = PBXBuildFile; fileRef = 247A9F6B1CD1F2BF007A0D78 /* MayDigest.m */; };
		247A9F711CD2CA47007A0D78 /* Category+CoreDataProperties.m in Sources */ = {isa = PBXBuildFile; fileRef = 247A9F6E1CD2CA47007A0D78 /* Category+CoreDataProperties.m */; };
		247A9F721CD2CA47007A0D78 /* Category.m in Sources */ = {isa = PBXBuildFile; fileRef = 247A9F701CD2CA47007A0D78 /* Category.m */; };
		247A9F751CD4C278007A0D78 /* HomeController.m in Sources */ = {isa = PBXBuildFile; fileRef = 247A9F741CD4C278007A0D78 /* HomeController.m */; };
		247A9F781CD57ACB007A0D78 /* MayImageManager.m in Sources */ = {isa = PBXBuildFile; fileRef = 247A9F771CD57ACB007A0D78 /* MayImageManager.m */; };
		248000761DC6D6C900114F9F /* MayImageCropperController.m in Sources */ = {isa = PBXBuildFile; fileRef = 248000721DC6D6C900114F9F /* MayImageCropperController.m */; };
		248000771DC6D6C900114F9F /* MayImagePickerController.m in Sources */ = {isa = PBXBuildFile; fileRef = 248000731DC6D6C900114F9F /* MayImagePickerController.m */; };
		248774F81D71B718008FCA2E /* Entry.plist in Resources */ = {isa = PBXBuildFile; fileRef = 248774F71D71B718008FCA2E /* Entry.plist */; };
		248774FE1D71DB0E008FCA2E /* MaySortOptionCell.m in Sources */ = {isa = PBXBuildFile; fileRef = 248774FC1D71DB0E008FCA2E /* MaySortOptionCell.m */; };
		248774FF1D71DB0E008FCA2E /* MaySortOptionCell.xib in Resources */ = {isa = PBXBuildFile; fileRef = 248774FD1D71DB0E008FCA2E /* MaySortOptionCell.xib */; };
		248775031D71DF65008FCA2E /* MayFilterOptionCell.m in Sources */ = {isa = PBXBuildFile; fileRef = 248775011D71DF65008FCA2E /* MayFilterOptionCell.m */; };
		248775041D71DF65008FCA2E /* MayFilterOptionCell.xib in Resources */ = {isa = PBXBuildFile; fileRef = 248775021D71DF65008FCA2E /* MayFilterOptionCell.xib */; };
		248775081D71E7AB008FCA2E /* MayActionOptionCell.m in Sources */ = {isa = PBXBuildFile; fileRef = 248775061D71E7AB008FCA2E /* MayActionOptionCell.m */; };
		248775091D71E7AB008FCA2E /* MayActionOptionCell.xib in Resources */ = {isa = PBXBuildFile; fileRef = 248775071D71E7AB008FCA2E /* MayActionOptionCell.xib */; };
		2487752F1D73091D008FCA2E /* MayTableViewOptionsBag.m in Sources */ = {isa = PBXBuildFile; fileRef = 2487752E1D73091D008FCA2E /* MayTableViewOptionsBag.m */; };
		248ED2611CCA8E2800D57EF9 /* MayISBN.m in Sources */ = {isa = PBXBuildFile; fileRef = 248ED2601CCA8E2800D57EF9 /* MayISBN.m */; };
		248ED2661CCCBE9800D57EF9 /* MayISBNTests.m in Sources */ = {isa = PBXBuildFile; fileRef = 248ED2651CCCBE9800D57EF9 /* MayISBNTests.m */; };
		248ED2691CCD02D000D57EF9 /* MayISBNFormatter.m in Sources */ = {isa = PBXBuildFile; fileRef = 248ED2681CCD02D000D57EF9 /* MayISBNFormatter.m */; };
		248ED26E1CCEADD200D57EF9 /* export_rangemessage.xml in Resources */ = {isa = PBXBuildFile; fileRef = 248ED26D1CCEADD200D57EF9 /* export_rangemessage.xml */; };
		248ED2741CCECCCE00D57EF9 /* MayISBNRangeDictionary.m in Sources */ = {isa = PBXBuildFile; fileRef = 248ED2731CCECCCE00D57EF9 /* MayISBNRangeDictionary.m */; };
		249C628D1CCA31B2005F77C1 /* main.m in Sources */ = {isa = PBXBuildFile; fileRef = 249C628C1CCA31B2005F77C1 /* main.m */; };
		249C62901CCA31B2005F77C1 /* AppDelegate.m in Sources */ = {isa = PBXBuildFile; fileRef = 249C628F1CCA31B2005F77C1 /* AppDelegate.m */; };
		249C62961CCA31B2005F77C1 /* Main.storyboard in Resources */ = {isa = PBXBuildFile; fileRef = 249C62941CCA31B2005F77C1 /* Main.storyboard */; };
		249C62991CCA31B2005F77C1 /* MayLibre.xcdatamodeld in Sources */ = {isa = PBXBuildFile; fileRef = 249C62971CCA31B2005F77C1 /* MayLibre.xcdatamodeld */; };
		249C629B1CCA31B2005F77C1 /* Assets.xcassets in Resources */ = {isa = PBXBuildFile; fileRef = 249C629A1CCA31B2005F77C1 /* Assets.xcassets */; };
		249C629E1CCA31B2005F77C1 /* LaunchScreen.storyboard in Resources */ = {isa = PBXBuildFile; fileRef = 249C629C1CCA31B2005F77C1 /* LaunchScreen.storyboard */; };
		249C62A91CCA31B2005F77C1 /* MayLibreTests.m in Sources */ = {isa = PBXBuildFile; fileRef = 249C62A81CCA31B2005F77C1 /* MayLibreTests.m */; };
		249C62B41CCA3312005F77C1 /* CoreGraphics.framework in Frameworks */ = {isa = PBXBuildFile; fileRef = 249C62B31CCA3312005F77C1 /* CoreGraphics.framework */; };
		249C62B61CCA3319005F77C1 /* AVFoundation.framework in Frameworks */ = {isa = PBXBuildFile; fileRef = 249C62B51CCA3319005F77C1 /* AVFoundation.framework */; };
		249C62B81CCA3338005F77C1 /* UIKit.framework in Frameworks */ = {isa = PBXBuildFile; fileRef = 249C62B71CCA3338005F77C1 /* UIKit.framework */; };
		249C62BA1CCA3342005F77C1 /* Foundation.framework in Frameworks */ = {isa = PBXBuildFile; fileRef = 249C62B91CCA3342005F77C1 /* Foundation.framework */; };
		249C62BD1CCA3ACE005F77C1 /* MayEntriesController.m in Sources */ = {isa = PBXBuildFile; fileRef = 249C62BC1CCA3ACE005F77C1 /* MayEntriesController.m */; };
		249C62C11CCA3B01005F77C1 /* MayEntryCell.m in Sources */ = {isa = PBXBuildFile; fileRef = 249C62BF1CCA3B01005F77C1 /* MayEntryCell.m */; };
		249C62C21CCA3B01005F77C1 /* MayEntryCell.xib in Resources */ = {isa = PBXBuildFile; fileRef = 249C62C01CCA3B01005F77C1 /* MayEntryCell.xib */; };
		249C62C61CCA3D8A005F77C1 /* MayBarCodeScannerController.m in Sources */ = {isa = PBXBuildFile; fileRef = 249C62C41CCA3D8A005F77C1 /* MayBarCodeScannerController.m */; };
		24AD23601D7B491000A48C64 /* MayTableViewOptionsTransitionAnimator.m in Sources */ = {isa = PBXBuildFile; fileRef = 24AD235E1D7B491000A48C64 /* MayTableViewOptionsTransitionAnimator.m */; };
		24AD23681D7B6A7000A48C64 /* MaySearchController.m in Sources */ = {isa = PBXBuildFile; fileRef = 24AD23671D7B6A7000A48C64 /* MaySearchController.m */; };
		24AD236B1D7B6AA200A48C64 /* MaySearchBar.m in Sources */ = {isa = PBXBuildFile; fileRef = 24AD236A1D7B6AA200A48C64 /* MaySearchBar.m */; };
		24C59F421E0603CD00635097 /* Someone+CoreDataClass.m in Sources */ = {isa = PBXBuildFile; fileRef = 24C59F3F1E0603CD00635097 /* Someone+CoreDataClass.m */; };
		24C59F431E0603CD00635097 /* Someone+CoreDataProperties.m in Sources */ = {isa = PBXBuildFile; fileRef = 24C59F411E0603CD00635097 /* Someone+CoreDataProperties.m */; };
		24C59F461E06CAA200635097 /* MayEntryDetailsController.m in Sources */ = {isa = PBXBuildFile; fileRef = 24C59F451E06CAA200635097 /* MayEntryDetailsController.m */; };
		24C59F4B1E06F0C300635097 /* Settings.bundle in Resources */ = {isa = PBXBuildFile; fileRef = 24C59F4A1E06F0C300635097 /* Settings.bundle */; };
		24C8BCDC1DA776F90076F6DE /* FetchedResultsControllerDataSource.m in Sources */ = {isa = PBXBuildFile; fileRef = 24C8BCDA1DA776F90076F6DE /* FetchedResultsControllerDataSource.m */; };
		24CDAB841E07CC3B004707E4 /* Localizable.strings in Resources */ = {isa = PBXBuildFile; fileRef = 24CDAB861E07CC3B004707E4 /* Localizable.strings */; };
		24D02F4C1CFC5FA200C8110A /* NSString+MayDisplayExtension.m in Sources */ = {isa = PBXBuildFile; fileRef = 24D02F4B1CFC5FA200C8110A /* NSString+MayDisplayExtension.m */; };
		24D02F4F1CFEF8F700C8110A /* MayEntrySummaryFormCell.m in Sources */ = {isa = PBXBuildFile; fileRef = 24D02F4E1CFEF8F700C8110A /* MayEntrySummaryFormCell.m */; };
		24D02F521CFF237C00C8110A /* MayEntrySummaryFormController.m in Sources */ = {isa = PBXBuildFile; fileRef = 24D02F511CFF237C00C8110A /* MayEntrySummaryFormController.m */; };
		24D02F551CFFB75B00C8110A /* MayUserDefaults.m in Sources */ = {isa = PBXBuildFile; fileRef = 24D02F541CFFB75B00C8110A /* MayUserDefaults.m */; };
		24D02F5D1D03A26300C8110A /* Place+CoreDataProperties.m in Sources */ = {isa = PBXBuildFile; fileRef = 24D02F5A1D03A26300C8110A /* Place+CoreDataProperties.m */; };
		24D02F5E1D03A26300C8110A /* Place.m in Sources */ = {isa = PBXBuildFile; fileRef = 24D02F5C1D03A26300C8110A /* Place.m */; };
		24DFC5151DFECA10008562CB /* Entry.m in Sources */ = {isa = PBXBuildFile; fileRef = 24DFC5141DFECA10008562CB /* Entry.m */; };
		24E58BCF1DA2C339003F64AA /* CoreDataStack.m in Sources */ = {isa = PBXBuildFile; fileRef = 24E58BCE1DA2C339003F64AA /* CoreDataStack.m */; };
		24E58BD21DA38DD5003F64AA /* Store.m in Sources */ = {isa = PBXBuildFile; fileRef = 24E58BD01DA38DD5003F64AA /* Store.m */; };
		537DE48D1DE707C9C4141F62 /* libPods-MayLibre.a in Frameworks */ = {isa = PBXBuildFile; fileRef = 14A5C155D9B39054042E10E8 /* libPods-MayLibre.a */; };
		EDCA7A24972D3AB921B8E551 /* libPods-MayLibreTests.a in Frameworks */ = {isa = PBXBuildFile; fileRef = 318D8C355100E026227BF64F /* libPods-MayLibreTests.a */; };
		F92B2DF16BD823E702745151 /* Pods-MayLibre-settings-metadata.plist in Resources */ = {isa = PBXBuildFile; fileRef = D5515E9C645415E6920D16DC /* Pods-MayLibre-settings-metadata.plist */; };
/* End PBXBuildFile section */

/* Begin PBXContainerItemProxy section */
		249C62A51CCA31B2005F77C1 /* PBXContainerItemProxy */ = {
			isa = PBXContainerItemProxy;
			containerPortal = 249C62801CCA31B2005F77C1 /* Project object */;
			proxyType = 1;
			remoteGlobalIDString = 249C62871CCA31B2005F77C1;
			remoteInfo = MayLibre;
		};
/* End PBXContainerItemProxy section */

/* Begin PBXFileReference section */
		0828FE82DA205F70AE18FC1A /* Pods-MayLibreTests.release.xcconfig */ = {isa = PBXFileReference; includeInIndex = 1; lastKnownFileType = text.xcconfig; name = "Pods-MayLibreTests.release.xcconfig"; path = "Pods/Target Support Files/Pods-MayLibreTests/Pods-MayLibreTests.release.xcconfig"; sourceTree = "<group>"; };
		14A5C155D9B39054042E10E8 /* libPods-MayLibre.a */ = {isa = PBXFileReference; explicitFileType = archive.ar; includeInIndex = 0; path = "libPods-MayLibre.a"; sourceTree = BUILT_PRODUCTS_DIR; };
		2401354C1D706100002DC339 /* MayTableViewOptionsController.h */ = {isa = PBXFileReference; fileEncoding = 4; lastKnownFileType = sourcecode.c.h; path = MayTableViewOptionsController.h; sourceTree = "<group>"; };
		2401354D1D706100002DC339 /* MayTableViewOptionsController.m */ = {isa = PBXFileReference; fileEncoding = 4; lastKnownFileType = sourcecode.c.objc; path = MayTableViewOptionsController.m; sourceTree = "<group>"; };
		2425E12F1CE01BB300EEECB7 /* MayAuthor.h */ = {isa = PBXFileReference; fileEncoding = 4; lastKnownFileType = sourcecode.c.h; path = MayAuthor.h; sourceTree = "<group>"; };
		2425E1301CE01BB300EEECB7 /* MayAuthor.m */ = {isa = PBXFileReference; fileEncoding = 4; lastKnownFileType = sourcecode.c.objc; path = MayAuthor.m; sourceTree = "<group>"; };
		2469A6071CD00DC200079F58 /* MayEntryFormController.h */ = {isa = PBXFileReference; fileEncoding = 4; lastKnownFileType = sourcecode.c.h; path = MayEntryFormController.h; sourceTree = "<group>"; };
		2469A6081CD00DC200079F58 /* MayEntryFormController.m */ = {isa = PBXFileReference; fileEncoding = 4; lastKnownFileType = sourcecode.c.objc; path = MayEntryFormController.m; sourceTree = "<group>"; };
		2469A60A1CD02CA300079F58 /* MayISBNGoogleResolver.h */ = {isa = PBXFileReference; fileEncoding = 4; lastKnownFileType = sourcecode.c.h; path = MayISBNGoogleResolver.h; sourceTree = "<group>"; };
		2469A60B1CD02CA300079F58 /* MayISBNGoogleResolver.m */ = {isa = PBXFileReference; fileEncoding = 4; lastKnownFileType = sourcecode.c.objc; path = MayISBNGoogleResolver.m; sourceTree = "<group>"; };
		2469A60D1CD0495100079F58 /* Entry+CoreDataProperties.h */ = {isa = PBXFileReference; fileEncoding = 4; lastKnownFileType = sourcecode.c.h; path = "Entry+CoreDataProperties.h"; sourceTree = "<group>"; };
		2469A60E1CD0495100079F58 /* Entry+CoreDataProperties.m */ = {isa = PBXFileReference; fileEncoding = 4; lastKnownFileType = sourcecode.c.objc; path = "Entry+CoreDataProperties.m"; sourceTree = "<group>"; };
		247116BE1D80685D0085A086 /* MayLibre-alpha- 2.xcdatamodel */ = {isa = PBXFileReference; lastKnownFileType = wrapper.xcdatamodel; path = "MayLibre-alpha- 2.xcdatamodel"; sourceTree = "<group>"; };
		247116C11D83FCD30085A086 /* MayTableViewOptionsBagTests.m */ = {isa = PBXFileReference; fileEncoding = 4; lastKnownFileType = sourcecode.c.objc; path = MayTableViewOptionsBagTests.m; sourceTree = "<group>"; };
		247A9F6A1CD1F2BF007A0D78 /* MayDigest.h */ = {isa = PBXFileReference; fileEncoding = 4; lastKnownFileType = sourcecode.c.h; path = MayDigest.h; sourceTree = "<group>"; };
		247A9F6B1CD1F2BF007A0D78 /* MayDigest.m */ = {isa = PBXFileReference; fileEncoding = 4; lastKnownFileType = sourcecode.c.objc; path = MayDigest.m; sourceTree = "<group>"; };
		247A9F6D1CD2CA47007A0D78 /* Category+CoreDataProperties.h */ = {isa = PBXFileReference; fileEncoding = 4; lastKnownFileType = sourcecode.c.h; path = "Category+CoreDataProperties.h"; sourceTree = "<group>"; };
		247A9F6E1CD2CA47007A0D78 /* Category+CoreDataProperties.m */ = {isa = PBXFileReference; fileEncoding = 4; lastKnownFileType = sourcecode.c.objc; path = "Category+CoreDataProperties.m"; sourceTree = "<group>"; };
		247A9F6F1CD2CA47007A0D78 /* Category.h */ = {isa = PBXFileReference; fileEncoding = 4; lastKnownFileType = sourcecode.c.h; path = Category.h; sourceTree = "<group>"; };
		247A9F701CD2CA47007A0D78 /* Category.m */ = {isa = PBXFileReference; fileEncoding = 4; lastKnownFileType = sourcecode.c.objc; path = Category.m; sourceTree = "<group>"; };
		247A9F731CD4C278007A0D78 /* HomeController.h */ = {isa = PBXFileReference; fileEncoding = 4; lastKnownFileType = sourcecode.c.h; path = HomeController.h; sourceTree = "<group>"; };
		247A9F741CD4C278007A0D78 /* HomeController.m */ = {isa = PBXFileReference; fileEncoding = 4; lastKnownFileType = sourcecode.c.objc; path = HomeController.m; sourceTree = "<group>"; };
		247A9F761CD57ACB007A0D78 /* MayImageManager.h */ = {isa = PBXFileReference; fileEncoding = 4; lastKnownFileType = sourcecode.c.h; path = MayImageManager.h; sourceTree = "<group>"; };
		247A9F771CD57ACB007A0D78 /* MayImageManager.m */ = {isa = PBXFileReference; fileEncoding = 4; lastKnownFileType = sourcecode.c.objc; path = MayImageManager.m; sourceTree = "<group>"; };
		248000721DC6D6C900114F9F /* MayImageCropperController.m */ = {isa = PBXFileReference; fileEncoding = 4; lastKnownFileType = sourcecode.c.objc; path = MayImageCropperController.m; sourceTree = "<group>"; };
		248000731DC6D6C900114F9F /* MayImagePickerController.m */ = {isa = PBXFileReference; fileEncoding = 4; lastKnownFileType = sourcecode.c.objc; path = MayImagePickerController.m; sourceTree = "<group>"; };
		248000741DC6D6C900114F9F /* MayImagePickerController.h */ = {isa = PBXFileReference; fileEncoding = 4; lastKnownFileType = sourcecode.c.h; path = MayImagePickerController.h; sourceTree = "<group>"; };
		248000751DC6D6C900114F9F /* MayImageCropperController.h */ = {isa = PBXFileReference; fileEncoding = 4; lastKnownFileType = sourcecode.c.h; path = MayImageCropperController.h; sourceTree = "<group>"; };
		248774F71D71B718008FCA2E /* Entry.plist */ = {isa = PBXFileReference; fileEncoding = 4; lastKnownFileType = text.plist.xml; path = Entry.plist; sourceTree = "<group>"; };
		248774FB1D71DB0E008FCA2E /* MaySortOptionCell.h */ = {isa = PBXFileReference; fileEncoding = 4; lastKnownFileType = sourcecode.c.h; path = MaySortOptionCell.h; sourceTree = "<group>"; };
		248774FC1D71DB0E008FCA2E /* MaySortOptionCell.m */ = {isa = PBXFileReference; fileEncoding = 4; lastKnownFileType = sourcecode.c.objc; path = MaySortOptionCell.m; sourceTree = "<group>"; };
		248774FD1D71DB0E008FCA2E /* MaySortOptionCell.xib */ = {isa = PBXFileReference; fileEncoding = 4; lastKnownFileType = file.xib; path = MaySortOptionCell.xib; sourceTree = "<group>"; };
		248775001D71DF65008FCA2E /* MayFilterOptionCell.h */ = {isa = PBXFileReference; fileEncoding = 4; lastKnownFileType = sourcecode.c.h; path = MayFilterOptionCell.h; sourceTree = "<group>"; };
		248775011D71DF65008FCA2E /* MayFilterOptionCell.m */ = {isa = PBXFileReference; fileEncoding = 4; lastKnownFileType = sourcecode.c.objc; path = MayFilterOptionCell.m; sourceTree = "<group>"; };
		248775021D71DF65008FCA2E /* MayFilterOptionCell.xib */ = {isa = PBXFileReference; fileEncoding = 4; lastKnownFileType = file.xib; path = MayFilterOptionCell.xib; sourceTree = "<group>"; };
		248775051D71E7AB008FCA2E /* MayActionOptionCell.h */ = {isa = PBXFileReference; fileEncoding = 4; lastKnownFileType = sourcecode.c.h; path = MayActionOptionCell.h; sourceTree = "<group>"; };
		248775061D71E7AB008FCA2E /* MayActionOptionCell.m */ = {isa = PBXFileReference; fileEncoding = 4; lastKnownFileType = sourcecode.c.objc; path = MayActionOptionCell.m; sourceTree = "<group>"; };
		248775071D71E7AB008FCA2E /* MayActionOptionCell.xib */ = {isa = PBXFileReference; fileEncoding = 4; lastKnownFileType = file.xib; path = MayActionOptionCell.xib; sourceTree = "<group>"; };
		2487752D1D73091D008FCA2E /* MayTableViewOptionsBag.h */ = {isa = PBXFileReference; fileEncoding = 4; lastKnownFileType = sourcecode.c.h; path = MayTableViewOptionsBag.h; sourceTree = "<group>"; };
		2487752E1D73091D008FCA2E /* MayTableViewOptionsBag.m */ = {isa = PBXFileReference; fileEncoding = 4; lastKnownFileType = sourcecode.c.objc; path = MayTableViewOptionsBag.m; sourceTree = "<group>"; };
		248ED25F1CCA8E2800D57EF9 /* MayISBN.h */ = {isa = PBXFileReference; fileEncoding = 4; lastKnownFileType = sourcecode.c.h; path = MayISBN.h; sourceTree = "<group>"; };
		248ED2601CCA8E2800D57EF9 /* MayISBN.m */ = {isa = PBXFileReference; fileEncoding = 4; lastKnownFileType = sourcecode.c.objc; path = MayISBN.m; sourceTree = "<group>"; };
		248ED2651CCCBE9800D57EF9 /* MayISBNTests.m */ = {isa = PBXFileReference; fileEncoding = 4; lastKnownFileType = sourcecode.c.objc; path = MayISBNTests.m; sourceTree = "<group>"; };
		248ED2671CCD02D000D57EF9 /* MayISBNFormatter.h */ = {isa = PBXFileReference; fileEncoding = 4; lastKnownFileType = sourcecode.c.h; path = MayISBNFormatter.h; sourceTree = "<group>"; };
		248ED2681CCD02D000D57EF9 /* MayISBNFormatter.m */ = {isa = PBXFileReference; fileEncoding = 4; lastKnownFileType = sourcecode.c.objc; path = MayISBNFormatter.m; sourceTree = "<group>"; };
		248ED26D1CCEADD200D57EF9 /* export_rangemessage.xml */ = {isa = PBXFileReference; fileEncoding = 4; lastKnownFileType = text.xml; path = export_rangemessage.xml; sourceTree = "<group>"; };
		248ED2721CCECCCE00D57EF9 /* MayISBNRangeDictionary.h */ = {isa = PBXFileReference; fileEncoding = 4; lastKnownFileType = sourcecode.c.h; path = MayISBNRangeDictionary.h; sourceTree = "<group>"; };
		248ED2731CCECCCE00D57EF9 /* MayISBNRangeDictionary.m */ = {isa = PBXFileReference; fileEncoding = 4; lastKnownFileType = sourcecode.c.objc; path = MayISBNRangeDictionary.m; sourceTree = "<group>"; };
		249C62881CCA31B2005F77C1 /* MayLibre.app */ = {isa = PBXFileReference; explicitFileType = wrapper.application; includeInIndex = 0; path = MayLibre.app; sourceTree = BUILT_PRODUCTS_DIR; };
		249C628C1CCA31B2005F77C1 /* main.m */ = {isa = PBXFileReference; lastKnownFileType = sourcecode.c.objc; path = main.m; sourceTree = "<group>"; };
		249C628E1CCA31B2005F77C1 /* AppDelegate.h */ = {isa = PBXFileReference; lastKnownFileType = sourcecode.c.h; path = AppDelegate.h; sourceTree = "<group>"; };
		249C628F1CCA31B2005F77C1 /* AppDelegate.m */ = {isa = PBXFileReference; lastKnownFileType = sourcecode.c.objc; path = AppDelegate.m; sourceTree = "<group>"; };
		249C62951CCA31B2005F77C1 /* Base */ = {isa = PBXFileReference; lastKnownFileType = file.storyboard; name = Base; path = Base.lproj/Main.storyboard; sourceTree = "<group>"; };
		249C62981CCA31B2005F77C1 /* MayLibre.xcdatamodel */ = {isa = PBXFileReference; lastKnownFileType = wrapper.xcdatamodel; path = MayLibre.xcdatamodel; sourceTree = "<group>"; };
		249C629A1CCA31B2005F77C1 /* Assets.xcassets */ = {isa = PBXFileReference; lastKnownFileType = folder.assetcatalog; path = Assets.xcassets; sourceTree = "<group>"; };
		249C629D1CCA31B2005F77C1 /* Base */ = {isa = PBXFileReference; lastKnownFileType = file.storyboard; name = Base; path = Base.lproj/LaunchScreen.storyboard; sourceTree = "<group>"; };
		249C629F1CCA31B2005F77C1 /* Info.plist */ = {isa = PBXFileReference; lastKnownFileType = text.plist.xml; path = Info.plist; sourceTree = "<group>"; };
		249C62A41CCA31B2005F77C1 /* MayLibreTests.xctest */ = {isa = PBXFileReference; explicitFileType = wrapper.cfbundle; includeInIndex = 0; path = MayLibreTests.xctest; sourceTree = BUILT_PRODUCTS_DIR; };
		249C62A81CCA31B2005F77C1 /* MayLibreTests.m */ = {isa = PBXFileReference; lastKnownFileType = sourcecode.c.objc; path = MayLibreTests.m; sourceTree = "<group>"; };
		249C62AA1CCA31B2005F77C1 /* Info.plist */ = {isa = PBXFileReference; lastKnownFileType = text.plist.xml; path = Info.plist; sourceTree = "<group>"; };
		249C62B31CCA3312005F77C1 /* CoreGraphics.framework */ = {isa = PBXFileReference; lastKnownFileType = wrapper.framework; name = CoreGraphics.framework; path = System/Library/Frameworks/CoreGraphics.framework; sourceTree = SDKROOT; };
		249C62B51CCA3319005F77C1 /* AVFoundation.framework */ = {isa = PBXFileReference; lastKnownFileType = wrapper.framework; name = AVFoundation.framework; path = System/Library/Frameworks/AVFoundation.framework; sourceTree = SDKROOT; };
		249C62B71CCA3338005F77C1 /* UIKit.framework */ = {isa = PBXFileReference; lastKnownFileType = wrapper.framework; name = UIKit.framework; path = System/Library/Frameworks/UIKit.framework; sourceTree = SDKROOT; };
		249C62B91CCA3342005F77C1 /* Foundation.framework */ = {isa = PBXFileReference; lastKnownFileType = wrapper.framework; name = Foundation.framework; path = System/Library/Frameworks/Foundation.framework; sourceTree = SDKROOT; };
		249C62BB1CCA3ACE005F77C1 /* MayEntriesController.h */ = {isa = PBXFileReference; fileEncoding = 4; lastKnownFileType = sourcecode.c.h; path = MayEntriesController.h; sourceTree = "<group>"; };
		249C62BC1CCA3ACE005F77C1 /* MayEntriesController.m */ = {isa = PBXFileReference; fileEncoding = 4; lastKnownFileType = sourcecode.c.objc; path = MayEntriesController.m; sourceTree = "<group>"; };
		249C62BE1CCA3B01005F77C1 /* MayEntryCell.h */ = {isa = PBXFileReference; fileEncoding = 4; lastKnownFileType = sourcecode.c.h; path = MayEntryCell.h; sourceTree = "<group>"; };
		249C62BF1CCA3B01005F77C1 /* MayEntryCell.m */ = {isa = PBXFileReference; fileEncoding = 4; lastKnownFileType = sourcecode.c.objc; path = MayEntryCell.m; sourceTree = "<group>"; };
		249C62C01CCA3B01005F77C1 /* MayEntryCell.xib */ = {isa = PBXFileReference; fileEncoding = 4; lastKnownFileType = file.xib; path = MayEntryCell.xib; sourceTree = "<group>"; };
		249C62C31CCA3D8A005F77C1 /* MayBarCodeScannerController.h */ = {isa = PBXFileReference; fileEncoding = 4; lastKnownFileType = sourcecode.c.h; path = MayBarCodeScannerController.h; sourceTree = "<group>"; };
		249C62C41CCA3D8A005F77C1 /* MayBarCodeScannerController.m */ = {isa = PBXFileReference; fileEncoding = 4; lastKnownFileType = sourcecode.c.objc; path = MayBarCodeScannerController.m; sourceTree = "<group>"; };
		24AD235E1D7B491000A48C64 /* MayTableViewOptionsTransitionAnimator.m */ = {isa = PBXFileReference; fileEncoding = 4; lastKnownFileType = sourcecode.c.objc; path = MayTableViewOptionsTransitionAnimator.m; sourceTree = "<group>"; };
		24AD235F1D7B491000A48C64 /* MayTableViewOptionsTransitionAnimator.h */ = {isa = PBXFileReference; fileEncoding = 4; lastKnownFileType = sourcecode.c.h; path = MayTableViewOptionsTransitionAnimator.h; sourceTree = "<group>"; };
		24AD23661D7B6A7000A48C64 /* MaySearchController.h */ = {isa = PBXFileReference; fileEncoding = 4; lastKnownFileType = sourcecode.c.h; path = MaySearchController.h; sourceTree = "<group>"; };
		24AD23671D7B6A7000A48C64 /* MaySearchController.m */ = {isa = PBXFileReference; fileEncoding = 4; lastKnownFileType = sourcecode.c.objc; path = MaySearchController.m; sourceTree = "<group>"; };
		24AD23691D7B6AA200A48C64 /* MaySearchBar.h */ = {isa = PBXFileReference; fileEncoding = 4; lastKnownFileType = sourcecode.c.h; path = MaySearchBar.h; sourceTree = "<group>"; };
		24AD236A1D7B6AA200A48C64 /* MaySearchBar.m */ = {isa = PBXFileReference; fileEncoding = 4; lastKnownFileType = sourcecode.c.objc; path = MaySearchBar.m; sourceTree = "<group>"; };
		24AD236C1D7CD7E300A48C64 /* MayLibre-alpha-1.xcdatamodel */ = {isa = PBXFileReference; lastKnownFileType = wrapper.xcdatamodel; path = "MayLibre-alpha-1.xcdatamodel"; sourceTree = "<group>"; };
		24C59F3E1E0603CD00635097 /* Someone+CoreDataClass.h */ = {isa = PBXFileReference; fileEncoding = 4; lastKnownFileType = sourcecode.c.h; path = "Someone+CoreDataClass.h"; sourceTree = "<group>"; };
		24C59F3F1E0603CD00635097 /* Someone+CoreDataClass.m */ = {isa = PBXFileReference; fileEncoding = 4; lastKnownFileType = sourcecode.c.objc; path = "Someone+CoreDataClass.m"; sourceTree = "<group>"; };
		24C59F401E0603CD00635097 /* Someone+CoreDataProperties.h */ = {isa = PBXFileReference; fileEncoding = 4; lastKnownFileType = sourcecode.c.h; path = "Someone+CoreDataProperties.h"; sourceTree = "<group>"; };
		24C59F411E0603CD00635097 /* Someone+CoreDataProperties.m */ = {isa = PBXFileReference; fileEncoding = 4; lastKnownFileType = sourcecode.c.objc; path = "Someone+CoreDataProperties.m"; sourceTree = "<group>"; };
		24C59F441E06CAA200635097 /* MayEntryDetailsController.h */ = {isa = PBXFileReference; fileEncoding = 4; lastKnownFileType = sourcecode.c.h; path = MayEntryDetailsController.h; sourceTree = "<group>"; };
		24C59F451E06CAA200635097 /* MayEntryDetailsController.m */ = {isa = PBXFileReference; fileEncoding = 4; lastKnownFileType = sourcecode.c.objc; path = MayEntryDetailsController.m; sourceTree = "<group>"; };
		24C59F4A1E06F0C300635097 /* Settings.bundle */ = {isa = PBXFileReference; lastKnownFileType = "wrapper.plug-in"; path = Settings.bundle; sourceTree = "<group>"; };
		24C8BCDA1DA776F90076F6DE /* FetchedResultsControllerDataSource.m */ = {isa = PBXFileReference; fileEncoding = 4; lastKnownFileType = sourcecode.c.objc; path = FetchedResultsControllerDataSource.m; sourceTree = "<group>"; };
		24C8BCDB1DA776F90076F6DE /* FetchedResultsControllerDataSource.h */ = {isa = PBXFileReference; fileEncoding = 4; lastKnownFileType = sourcecode.c.h; path = FetchedResultsControllerDataSource.h; sourceTree = "<group>"; };
		24CDAB801E07B8F9004707E4 /* de */ = {isa = PBXFileReference; lastKnownFileType = text.plist.strings; name = de; path = de.lproj/Main.strings; sourceTree = "<group>"; };
		24CDAB811E07B8FA004707E4 /* de */ = {isa = PBXFileReference; lastKnownFileType = text.plist.strings; name = de; path = de.lproj/LaunchScreen.strings; sourceTree = "<group>"; };
		24CDAB851E07CC3B004707E4 /* de */ = {isa = PBXFileReference; lastKnownFileType = text.plist.strings; name = de; path = de.lproj/Localizable.strings; sourceTree = "<group>"; };
		24CDAB8A1E07D2AE004707E4 /* Base */ = {isa = PBXFileReference; lastKnownFileType = text.plist.strings; name = Base; path = Base.lproj/Localizable.strings; sourceTree = "<group>"; };
		24D02F4A1CFC5FA200C8110A /* NSString+MayDisplayExtension.h */ = {isa = PBXFileReference; fileEncoding = 4; lastKnownFileType = sourcecode.c.h; path = "NSString+MayDisplayExtension.h"; sourceTree = "<group>"; };
		24D02F4B1CFC5FA200C8110A /* NSString+MayDisplayExtension.m */ = {isa = PBXFileReference; fileEncoding = 4; lastKnownFileType = sourcecode.c.objc; path = "NSString+MayDisplayExtension.m"; sourceTree = "<group>"; };
		24D02F4D1CFEF8F700C8110A /* MayEntrySummaryFormCell.h */ = {isa = PBXFileReference; fileEncoding = 4; lastKnownFileType = sourcecode.c.h; path = MayEntrySummaryFormCell.h; sourceTree = "<group>"; };
		24D02F4E1CFEF8F700C8110A /* MayEntrySummaryFormCell.m */ = {isa = PBXFileReference; fileEncoding = 4; lastKnownFileType = sourcecode.c.objc; path = MayEntrySummaryFormCell.m; sourceTree = "<group>"; };
		24D02F501CFF237C00C8110A /* MayEntrySummaryFormController.h */ = {isa = PBXFileReference; fileEncoding = 4; lastKnownFileType = sourcecode.c.h; path = MayEntrySummaryFormController.h; sourceTree = "<group>"; };
		24D02F511CFF237C00C8110A /* MayEntrySummaryFormController.m */ = {isa = PBXFileReference; fileEncoding = 4; lastKnownFileType = sourcecode.c.objc; path = MayEntrySummaryFormController.m; sourceTree = "<group>"; };
		24D02F531CFFB75B00C8110A /* MayUserDefaults.h */ = {isa = PBXFileReference; fileEncoding = 4; lastKnownFileType = sourcecode.c.h; path = MayUserDefaults.h; sourceTree = "<group>"; };
		24D02F541CFFB75B00C8110A /* MayUserDefaults.m */ = {isa = PBXFileReference; fileEncoding = 4; lastKnownFileType = sourcecode.c.objc; path = MayUserDefaults.m; sourceTree = "<group>"; };
		24D02F591D03A26300C8110A /* Place+CoreDataProperties.h */ = {isa = PBXFileReference; fileEncoding = 4; lastKnownFileType = sourcecode.c.h; path = "Place+CoreDataProperties.h"; sourceTree = "<group>"; };
		24D02F5A1D03A26300C8110A /* Place+CoreDataProperties.m */ = {isa = PBXFileReference; fileEncoding = 4; lastKnownFileType = sourcecode.c.objc; path = "Place+CoreDataProperties.m"; sourceTree = "<group>"; };
		24D02F5B1D03A26300C8110A /* Place.h */ = {isa = PBXFileReference; fileEncoding = 4; lastKnownFileType = sourcecode.c.h; path = Place.h; sourceTree = "<group>"; };
		24D02F5C1D03A26300C8110A /* Place.m */ = {isa = PBXFileReference; fileEncoding = 4; lastKnownFileType = sourcecode.c.objc; path = Place.m; sourceTree = "<group>"; };
		24DFC5121DFEC8ED008562CB /* MayLibre-alpha-3.xcdatamodel */ = {isa = PBXFileReference; lastKnownFileType = wrapper.xcdatamodel; path = "MayLibre-alpha-3.xcdatamodel"; sourceTree = "<group>"; };
		24DFC5131DFECA10008562CB /* Entry.h */ = {isa = PBXFileReference; fileEncoding = 4; lastKnownFileType = sourcecode.c.h; path = Entry.h; sourceTree = "<group>"; };
		24DFC5141DFECA10008562CB /* Entry.m */ = {isa = PBXFileReference; fileEncoding = 4; lastKnownFileType = sourcecode.c.objc; path = Entry.m; sourceTree = "<group>"; };
		24E58BC51DA1821F003F64AA /* MayLibreTests-Bridging-Header.h */ = {isa = PBXFileReference; lastKnownFileType = sourcecode.c.h; path = "MayLibreTests-Bridging-Header.h"; sourceTree = "<group>"; };
		24E58BCD1DA2C339003F64AA /* CoreDataStack.h */ = {isa = PBXFileReference; fileEncoding = 4; lastKnownFileType = sourcecode.c.h; path = CoreDataStack.h; sourceTree = "<group>"; };
		24E58BCE1DA2C339003F64AA /* CoreDataStack.m */ = {isa = PBXFileReference; fileEncoding = 4; lastKnownFileType = sourcecode.c.objc; path = CoreDataStack.m; sourceTree = "<group>"; };
		24E58BD01DA38DD5003F64AA /* Store.m */ = {isa = PBXFileReference; fileEncoding = 4; lastKnownFileType = sourcecode.c.objc; path = Store.m; sourceTree = "<group>"; };
		24E58BD11DA38DD5003F64AA /* Store.h */ = {isa = PBXFileReference; fileEncoding = 4; lastKnownFileType = sourcecode.c.h; path = Store.h; sourceTree = "<group>"; };
		318D8C355100E026227BF64F /* libPods-MayLibreTests.a */ = {isa = PBXFileReference; explicitFileType = archive.ar; includeInIndex = 0; path = "libPods-MayLibreTests.a"; sourceTree = BUILT_PRODUCTS_DIR; };
		42F4FB984F2EC3706A919E68 /* Pods-MayLibreTests.debug.xcconfig */ = {isa = PBXFileReference; includeInIndex = 1; lastKnownFileType = text.xcconfig; name = "Pods-MayLibreTests.debug.xcconfig"; path = "Pods/Target Support Files/Pods-MayLibreTests/Pods-MayLibreTests.debug.xcconfig"; sourceTree = "<group>"; };
		5B57663B181AD1384253C3B6 /* Pods-MayLibre-metadata.plist */ = {isa = PBXFileReference; includeInIndex = 1; lastKnownFileType = text.plist.xml; name = "Pods-MayLibre-metadata.plist"; path = "Pods/Pods-MayLibre-metadata.plist"; sourceTree = "<group>"; };
		A679D81E5F1819611EEAF0BA /* Pods-MayLibre.debug.xcconfig */ = {isa = PBXFileReference; includeInIndex = 1; lastKnownFileType = text.xcconfig; name = "Pods-MayLibre.debug.xcconfig"; path = "Pods/Target Support Files/Pods-MayLibre/Pods-MayLibre.debug.xcconfig"; sourceTree = "<group>"; };
		D5515E9C645415E6920D16DC /* Pods-MayLibre-settings-metadata.plist */ = {isa = PBXFileReference; includeInIndex = 1; lastKnownFileType = text.plist.xml; name = "Pods-MayLibre-settings-metadata.plist"; path = "MayLibre/Settings.bundle/Pods-MayLibre-settings-metadata.plist"; sourceTree = "<group>"; };
		F5CAC6D1C6BA4EA5D98F8E95 /* Pods-MayLibre.release.xcconfig */ = {isa = PBXFileReference; includeInIndex = 1; lastKnownFileType = text.xcconfig; name = "Pods-MayLibre.release.xcconfig"; path = "Pods/Target Support Files/Pods-MayLibre/Pods-MayLibre.release.xcconfig"; sourceTree = "<group>"; };
/* End PBXFileReference section */

/* Begin PBXFrameworksBuildPhase section */
		249C62851CCA31B2005F77C1 /* Frameworks */ = {
			isa = PBXFrameworksBuildPhase;
			buildActionMask = 2147483647;
			files = (
				249C62BA1CCA3342005F77C1 /* Foundation.framework in Frameworks */,
				249C62B81CCA3338005F77C1 /* UIKit.framework in Frameworks */,
				249C62B61CCA3319005F77C1 /* AVFoundation.framework in Frameworks */,
				249C62B41CCA3312005F77C1 /* CoreGraphics.framework in Frameworks */,
				537DE48D1DE707C9C4141F62 /* libPods-MayLibre.a in Frameworks */,
			);
			runOnlyForDeploymentPostprocessing = 0;
		};
		249C62A11CCA31B2005F77C1 /* Frameworks */ = {
			isa = PBXFrameworksBuildPhase;
			buildActionMask = 2147483647;
			files = (
				EDCA7A24972D3AB921B8E551 /* libPods-MayLibreTests.a in Frameworks */,
			);
			runOnlyForDeploymentPostprocessing = 0;
		};
/* End PBXFrameworksBuildPhase section */

/* Begin PBXGroup section */
		10A999DC49B3E5EDC3557A16 /* Frameworks */ = {
			isa = PBXGroup;
			children = (
				249C62B91CCA3342005F77C1 /* Foundation.framework */,
				249C62B71CCA3338005F77C1 /* UIKit.framework */,
				249C62B51CCA3319005F77C1 /* AVFoundation.framework */,
				249C62B31CCA3312005F77C1 /* CoreGraphics.framework */,
				14A5C155D9B39054042E10E8 /* libPods-MayLibre.a */,
				318D8C355100E026227BF64F /* libPods-MayLibreTests.a */,
			);
			name = Frameworks;
			sourceTree = "<group>";
		};
		240135461D7050A6002DC339 /* MayTableViewOptions */ = {
			isa = PBXGroup;
			children = (
				2401354C1D706100002DC339 /* MayTableViewOptionsController.h */,
				2401354D1D706100002DC339 /* MayTableViewOptionsController.m */,
				2487752D1D73091D008FCA2E /* MayTableViewOptionsBag.h */,
				2487752E1D73091D008FCA2E /* MayTableViewOptionsBag.m */,
				248774FB1D71DB0E008FCA2E /* MaySortOptionCell.h */,
				248774FC1D71DB0E008FCA2E /* MaySortOptionCell.m */,
				248774FD1D71DB0E008FCA2E /* MaySortOptionCell.xib */,
				248775001D71DF65008FCA2E /* MayFilterOptionCell.h */,
				248775011D71DF65008FCA2E /* MayFilterOptionCell.m */,
				248775021D71DF65008FCA2E /* MayFilterOptionCell.xib */,
				248775051D71E7AB008FCA2E /* MayActionOptionCell.h */,
				248775061D71E7AB008FCA2E /* MayActionOptionCell.m */,
				248775071D71E7AB008FCA2E /* MayActionOptionCell.xib */,
				248774F71D71B718008FCA2E /* Entry.plist */,
				24AD235F1D7B491000A48C64 /* MayTableViewOptionsTransitionAnimator.h */,
				24AD235E1D7B491000A48C64 /* MayTableViewOptionsTransitionAnimator.m */,
			);
			name = MayTableViewOptions;
			sourceTree = "<group>";
		};
		2425E1321CE01BCF00EEECB7 /* MayAuthor */ = {
			isa = PBXGroup;
			children = (
				2425E12F1CE01BB300EEECB7 /* MayAuthor.h */,
				2425E1301CE01BB300EEECB7 /* MayAuthor.m */,
			);
			name = MayAuthor;
			sourceTree = "<group>";
		};
		2469A5EC1CCFE66200079F58 /* MayISBN */ = {
			isa = PBXGroup;
			children = (
				248ED25F1CCA8E2800D57EF9 /* MayISBN.h */,
				248ED2601CCA8E2800D57EF9 /* MayISBN.m */,
				248ED2671CCD02D000D57EF9 /* MayISBNFormatter.h */,
				248ED2681CCD02D000D57EF9 /* MayISBNFormatter.m */,
				248ED2721CCECCCE00D57EF9 /* MayISBNRangeDictionary.h */,
				248ED2731CCECCCE00D57EF9 /* MayISBNRangeDictionary.m */,
			);
			name = MayISBN;
			sourceTree = "<group>";
		};
		2469A5F31CCFF58C00079F58 /* Models */ = {
			isa = PBXGroup;
			children = (
				24C59F3E1E0603CD00635097 /* Someone+CoreDataClass.h */,
				24C59F3F1E0603CD00635097 /* Someone+CoreDataClass.m */,
				24C59F401E0603CD00635097 /* Someone+CoreDataProperties.h */,
				24C59F411E0603CD00635097 /* Someone+CoreDataProperties.m */,
				24D02F5B1D03A26300C8110A /* Place.h */,
				24D02F5C1D03A26300C8110A /* Place.m */,
				24D02F591D03A26300C8110A /* Place+CoreDataProperties.h */,
				24D02F5A1D03A26300C8110A /* Place+CoreDataProperties.m */,
				249C62971CCA31B2005F77C1 /* MayLibre.xcdatamodeld */,
				247A9F6D1CD2CA47007A0D78 /* Category+CoreDataProperties.h */,
				247A9F6E1CD2CA47007A0D78 /* Category+CoreDataProperties.m */,
				247A9F6F1CD2CA47007A0D78 /* Category.h */,
				247A9F701CD2CA47007A0D78 /* Category.m */,
				24DFC5131DFECA10008562CB /* Entry.h */,
				24DFC5141DFECA10008562CB /* Entry.m */,
				2469A60D1CD0495100079F58 /* Entry+CoreDataProperties.h */,
				2469A60E1CD0495100079F58 /* Entry+CoreDataProperties.m */,
			);
			name = Models;
			sourceTree = "<group>";
		};
		249C627F1CCA31B2005F77C1 = {
			isa = PBXGroup;
			children = (
				249C628A1CCA31B2005F77C1 /* MayLibre */,
				249C62A71CCA31B2005F77C1 /* MayLibreTests */,
				249C62891CCA31B2005F77C1 /* Products */,
				10A999DC49B3E5EDC3557A16 /* Frameworks */,
				24E58BC51DA1821F003F64AA /* MayLibreTests-Bridging-Header.h */,
				66298B0EFCDF829EA994BB75 /* Pods */,
			);
			sourceTree = "<group>";
		};
		249C62891CCA31B2005F77C1 /* Products */ = {
			isa = PBXGroup;
			children = (
				249C62881CCA31B2005F77C1 /* MayLibre.app */,
				249C62A41CCA31B2005F77C1 /* MayLibreTests.xctest */,
			);
			name = Products;
			sourceTree = "<group>";
		};
		249C628A1CCA31B2005F77C1 /* MayLibre */ = {
			isa = PBXGroup;
			children = (
				249C62941CCA31B2005F77C1 /* Main.storyboard */,
				249C629C1CCA31B2005F77C1 /* LaunchScreen.storyboard */,
				240135461D7050A6002DC339 /* MayTableViewOptions */,
				2425E1321CE01BCF00EEECB7 /* MayAuthor */,
				2469A5F31CCFF58C00079F58 /* Models */,
				249C628B1CCA31B2005F77C1 /* Supporting Files */,
				2469A5EC1CCFE66200079F58 /* MayISBN */,
				249C628E1CCA31B2005F77C1 /* AppDelegate.h */,
				249C628F1CCA31B2005F77C1 /* AppDelegate.m */,
				249C62BB1CCA3ACE005F77C1 /* MayEntriesController.h */,
				249C62BC1CCA3ACE005F77C1 /* MayEntriesController.m */,
				249C62BE1CCA3B01005F77C1 /* MayEntryCell.h */,
				249C62BF1CCA3B01005F77C1 /* MayEntryCell.m */,
				249C62C01CCA3B01005F77C1 /* MayEntryCell.xib */,
				2469A6071CD00DC200079F58 /* MayEntryFormController.h */,
				2469A6081CD00DC200079F58 /* MayEntryFormController.m */,
				24C59F441E06CAA200635097 /* MayEntryDetailsController.h */,
				24C59F451E06CAA200635097 /* MayEntryDetailsController.m */,
				24D02F501CFF237C00C8110A /* MayEntrySummaryFormController.h */,
				24D02F511CFF237C00C8110A /* MayEntrySummaryFormController.m */,
				24D02F4D1CFEF8F700C8110A /* MayEntrySummaryFormCell.h */,
				24D02F4E1CFEF8F700C8110A /* MayEntrySummaryFormCell.m */,
				249C62C31CCA3D8A005F77C1 /* MayBarCodeScannerController.h */,
				249C62C41CCA3D8A005F77C1 /* MayBarCodeScannerController.m */,
				248000751DC6D6C900114F9F /* MayImageCropperController.h */,
				248000721DC6D6C900114F9F /* MayImageCropperController.m */,
				248000741DC6D6C900114F9F /* MayImagePickerController.h */,
				248000731DC6D6C900114F9F /* MayImagePickerController.m */,
				2469A60A1CD02CA300079F58 /* MayISBNGoogleResolver.h */,
				2469A60B1CD02CA300079F58 /* MayISBNGoogleResolver.m */,
				247A9F6A1CD1F2BF007A0D78 /* MayDigest.h */,
				247A9F6B1CD1F2BF007A0D78 /* MayDigest.m */,
				247A9F731CD4C278007A0D78 /* HomeController.h */,
				247A9F741CD4C278007A0D78 /* HomeController.m */,
				247A9F761CD57ACB007A0D78 /* MayImageManager.h */,
				247A9F771CD57ACB007A0D78 /* MayImageManager.m */,
				24D02F4A1CFC5FA200C8110A /* NSString+MayDisplayExtension.h */,
				24D02F4B1CFC5FA200C8110A /* NSString+MayDisplayExtension.m */,
				24D02F531CFFB75B00C8110A /* MayUserDefaults.h */,
				24D02F541CFFB75B00C8110A /* MayUserDefaults.m */,
				24AD23661D7B6A7000A48C64 /* MaySearchController.h */,
				24AD23671D7B6A7000A48C64 /* MaySearchController.m */,
				24AD23691D7B6AA200A48C64 /* MaySearchBar.h */,
				24AD236A1D7B6AA200A48C64 /* MaySearchBar.m */,
				24E58BCD1DA2C339003F64AA /* CoreDataStack.h */,
				24E58BCE1DA2C339003F64AA /* CoreDataStack.m */,
				24E58BD11DA38DD5003F64AA /* Store.h */,
				24E58BD01DA38DD5003F64AA /* Store.m */,
				24C8BCDB1DA776F90076F6DE /* FetchedResultsControllerDataSource.h */,
				24C8BCDA1DA776F90076F6DE /* FetchedResultsControllerDataSource.m */,
			);
			path = MayLibre;
			sourceTree = "<group>";
		};
		249C628B1CCA31B2005F77C1 /* Supporting Files */ = {
			isa = PBXGroup;
			children = (
				249C629A1CCA31B2005F77C1 /* Assets.xcassets */,
				248ED26D1CCEADD200D57EF9 /* export_rangemessage.xml */,
				249C629F1CCA31B2005F77C1 /* Info.plist */,
				249C628C1CCA31B2005F77C1 /* main.m */,
				24C59F4A1E06F0C300635097 /* Settings.bundle */,
				24CDAB861E07CC3B004707E4 /* Localizable.strings */,
			);
			name = "Supporting Files";
			sourceTree = "<group>";
		};
		249C62A71CCA31B2005F77C1 /* MayLibreTests */ = {
			isa = PBXGroup;
			children = (
				249C62A81CCA31B2005F77C1 /* MayLibreTests.m */,
				248ED2651CCCBE9800D57EF9 /* MayISBNTests.m */,
				247116C11D83FCD30085A086 /* MayTableViewOptionsBagTests.m */,
				249C62AA1CCA31B2005F77C1 /* Info.plist */,
			);
			path = MayLibreTests;
			sourceTree = "<group>";
		};
		66298B0EFCDF829EA994BB75 /* Pods */ = {
			isa = PBXGroup;
			children = (
				A679D81E5F1819611EEAF0BA /* Pods-MayLibre.debug.xcconfig */,
				F5CAC6D1C6BA4EA5D98F8E95 /* Pods-MayLibre.release.xcconfig */,
				42F4FB984F2EC3706A919E68 /* Pods-MayLibreTests.debug.xcconfig */,
				0828FE82DA205F70AE18FC1A /* Pods-MayLibreTests.release.xcconfig */,
				5B57663B181AD1384253C3B6 /* Pods-MayLibre-metadata.plist */,
				D5515E9C645415E6920D16DC /* Pods-MayLibre-settings-metadata.plist */,
			);
			name = Pods;
			sourceTree = "<group>";
		};
/* End PBXGroup section */

/* Begin PBXNativeTarget section */
		249C62871CCA31B2005F77C1 /* MayLibre */ = {
			isa = PBXNativeTarget;
			buildConfigurationList = 249C62AD1CCA31B2005F77C1 /* Build configuration list for PBXNativeTarget "MayLibre" */;
			buildPhases = (
				264EC084361D71E96DD7F350 /* [CP] Check Pods Manifest.lock */,
				249C62841CCA31B2005F77C1 /* Sources */,
				249C62851CCA31B2005F77C1 /* Frameworks */,
				249C62861CCA31B2005F77C1 /* Resources */,
				B2BFA7705829ECB1FEFF8AF0 /* [CP] Embed Pods Frameworks */,
				F1C3308E8460D9B2566CD36C /* [CP] Copy Pods Resources */,
			);
			buildRules = (
			);
			dependencies = (
			);
			name = MayLibre;
			productName = MayLibre;
			productReference = 249C62881CCA31B2005F77C1 /* MayLibre.app */;
			productType = "com.apple.product-type.application";
		};
		249C62A31CCA31B2005F77C1 /* MayLibreTests */ = {
			isa = PBXNativeTarget;
			buildConfigurationList = 249C62B01CCA31B2005F77C1 /* Build configuration list for PBXNativeTarget "MayLibreTests" */;
			buildPhases = (
				A185C77561F7076E149DBDD3 /* [CP] Check Pods Manifest.lock */,
				249C62A01CCA31B2005F77C1 /* Sources */,
				249C62A11CCA31B2005F77C1 /* Frameworks */,
				249C62A21CCA31B2005F77C1 /* Resources */,
				15D68164A45B997980891627 /* [CP] Embed Pods Frameworks */,
				6331341CAE50C5832C05F263 /* [CP] Copy Pods Resources */,
			);
			buildRules = (
			);
			dependencies = (
				249C62A61CCA31B2005F77C1 /* PBXTargetDependency */,
			);
			name = MayLibreTests;
			productName = MayLibreTests;
			productReference = 249C62A41CCA31B2005F77C1 /* MayLibreTests.xctest */;
			productType = "com.apple.product-type.bundle.unit-test";
		};
/* End PBXNativeTarget section */

/* Begin PBXProject section */
		249C62801CCA31B2005F77C1 /* Project object */ = {
			isa = PBXProject;
			attributes = {
				LastUpgradeCheck = 0800;
				ORGANIZATIONNAME = Mayflower;
				TargetAttributes = {
					249C62871CCA31B2005F77C1 = {
						CreatedOnToolsVersion = 7.3;
						DevelopmentTeam = L79BTFY6FV;
						ProvisioningStyle = Automatic;
					};
					249C62A31CCA31B2005F77C1 = {
						CreatedOnToolsVersion = 7.3;
						LastSwiftMigration = 0800;
						TestTargetID = 249C62871CCA31B2005F77C1;
					};
				};
			};
			buildConfigurationList = 249C62831CCA31B2005F77C1 /* Build configuration list for PBXProject "MayLibre" */;
			compatibilityVersion = "Xcode 3.2";
			developmentRegion = English;
			hasScannedForEncodings = 0;
			knownRegions = (
				en,
				Base,
			);
			mainGroup = 249C627F1CCA31B2005F77C1;
			productRefGroup = 249C62891CCA31B2005F77C1 /* Products */;
			projectDirPath = "";
			projectRoot = "";
			targets = (
				249C62871CCA31B2005F77C1 /* MayLibre */,
				249C62A31CCA31B2005F77C1 /* MayLibreTests */,
			);
		};
/* End PBXProject section */

/* Begin PBXResourcesBuildPhase section */
		249C62861CCA31B2005F77C1 /* Resources */ = {
			isa = PBXResourcesBuildPhase;
			buildActionMask = 2147483647;
			files = (
				248ED26E1CCEADD200D57EF9 /* export_rangemessage.xml in Resources */,
				248774FF1D71DB0E008FCA2E /* MaySortOptionCell.xib in Resources */,
				24C59F4B1E06F0C300635097 /* Settings.bundle in Resources */,
				249C62C21CCA3B01005F77C1 /* MayEntryCell.xib in Resources */,
				249C629E1CCA31B2005F77C1 /* LaunchScreen.storyboard in Resources */,
				248774F81D71B718008FCA2E /* Entry.plist in Resources */,
				249C629B1CCA31B2005F77C1 /* Assets.xcassets in Resources */,
				248775041D71DF65008FCA2E /* MayFilterOptionCell.xib in Resources */,
				249C62961CCA31B2005F77C1 /* Main.storyboard in Resources */,
				24CDAB841E07CC3B004707E4 /* Localizable.strings in Resources */,
				248775091D71E7AB008FCA2E /* MayActionOptionCell.xib in Resources */,
				1ED73AD8C592D9A906A14803 /* Pods-MayLibre-metadata.plist in Resources */,
				F92B2DF16BD823E702745151 /* Pods-MayLibre-settings-metadata.plist in Resources */,
			);
			runOnlyForDeploymentPostprocessing = 0;
		};
		249C62A21CCA31B2005F77C1 /* Resources */ = {
			isa = PBXResourcesBuildPhase;
			buildActionMask = 2147483647;
			files = (
			);
			runOnlyForDeploymentPostprocessing = 0;
		};
/* End PBXResourcesBuildPhase section */

/* Begin PBXShellScriptBuildPhase section */
		15D68164A45B997980891627 /* [CP] Embed Pods Frameworks */ = {
			isa = PBXShellScriptBuildPhase;
			buildActionMask = 2147483647;
			files = (
			);
			inputPaths = (
			);
			name = "[CP] Embed Pods Frameworks";
			outputPaths = (
			);
			runOnlyForDeploymentPostprocessing = 0;
			shellPath = /bin/sh;
			shellScript = "\"${SRCROOT}/Pods/Target Support Files/Pods-MayLibreTests/Pods-MayLibreTests-frameworks.sh\"\n";
			showEnvVarsInLog = 0;
		};
		264EC084361D71E96DD7F350 /* [CP] Check Pods Manifest.lock */ = {
			isa = PBXShellScriptBuildPhase;
			buildActionMask = 2147483647;
			files = (
			);
			inputPaths = (
			);
			name = "[CP] Check Pods Manifest.lock";
			outputPaths = (
			);
			runOnlyForDeploymentPostprocessing = 0;
			shellPath = /bin/sh;
			shellScript = "diff \"${PODS_ROOT}/../Podfile.lock\" \"${PODS_ROOT}/Manifest.lock\" > /dev/null\nif [ $? != 0 ] ; then\n    # print error to STDERR\n    echo \"error: The sandbox is not in sync with the Podfile.lock. Run 'pod install' or update your CocoaPods installation.\" >&2\n    exit 1\nfi\n";
			showEnvVarsInLog = 0;
		};
		6331341CAE50C5832C05F263 /* [CP] Copy Pods Resources */ = {
			isa = PBXShellScriptBuildPhase;
			buildActionMask = 2147483647;
			files = (
			);
			inputPaths = (
			);
			name = "[CP] Copy Pods Resources";
			outputPaths = (
			);
			runOnlyForDeploymentPostprocessing = 0;
			shellPath = /bin/sh;
			shellScript = "\"${SRCROOT}/Pods/Target Support Files/Pods-MayLibreTests/Pods-MayLibreTests-resources.sh\"\n";
			showEnvVarsInLog = 0;
		};
		A185C77561F7076E149DBDD3 /* [CP] Check Pods Manifest.lock */ = {
			isa = PBXShellScriptBuildPhase;
			buildActionMask = 2147483647;
			files = (
			);
			inputPaths = (
			);
			name = "[CP] Check Pods Manifest.lock";
			outputPaths = (
			);
			runOnlyForDeploymentPostprocessing = 0;
			shellPath = /bin/sh;
			shellScript = "diff \"${PODS_ROOT}/../Podfile.lock\" \"${PODS_ROOT}/Manifest.lock\" > /dev/null\nif [ $? != 0 ] ; then\n    # print error to STDERR\n    echo \"error: The sandbox is not in sync with the Podfile.lock. Run 'pod install' or update your CocoaPods installation.\" >&2\n    exit 1\nfi\n";
			showEnvVarsInLog = 0;
		};
		B2BFA7705829ECB1FEFF8AF0 /* [CP] Embed Pods Frameworks */ = {
			isa = PBXShellScriptBuildPhase;
			buildActionMask = 2147483647;
			files = (
			);
			inputPaths = (
			);
			name = "[CP] Embed Pods Frameworks";
			outputPaths = (
			);
			runOnlyForDeploymentPostprocessing = 0;
			shellPath = /bin/sh;
			shellScript = "\"${SRCROOT}/Pods/Target Support Files/Pods-MayLibre/Pods-MayLibre-frameworks.sh\"\n";
			showEnvVarsInLog = 0;
		};
		F1C3308E8460D9B2566CD36C /* [CP] Copy Pods Resources */ = {
			isa = PBXShellScriptBuildPhase;
			buildActionMask = 2147483647;
			files = (
			);
			inputPaths = (
			);
			name = "[CP] Copy Pods Resources";
			outputPaths = (
			);
			runOnlyForDeploymentPostprocessing = 0;
			shellPath = /bin/sh;
			shellScript = "\"${SRCROOT}/Pods/Target Support Files/Pods-MayLibre/Pods-MayLibre-resources.sh\"\n";
			showEnvVarsInLog = 0;
		};
/* End PBXShellScriptBuildPhase section */

/* Begin PBXSourcesBuildPhase section */
		249C62841CCA31B2005F77C1 /* Sources */ = {
			isa = PBXSourcesBuildPhase;
			buildActionMask = 2147483647;
			files = (
				2425E1311CE01BB300EEECB7 /* MayAuthor.m in Sources */,
				24D02F4F1CFEF8F700C8110A /* MayEntrySummaryFormCell.m in Sources */,
				249C62C11CCA3B01005F77C1 /* MayEntryCell.m in Sources */,
				24D02F4C1CFC5FA200C8110A /* NSString+MayDisplayExtension.m in Sources */,
				247A9F781CD57ACB007A0D78 /* MayImageManager.m in Sources */,
				248775031D71DF65008FCA2E /* MayFilterOptionCell.m in Sources */,
				24DFC5151DFECA10008562CB /* Entry.m in Sources */,
				247A9F721CD2CA47007A0D78 /* Category.m in Sources */,
				2487752F1D73091D008FCA2E /* MayTableViewOptionsBag.m in Sources */,
				248ED2691CCD02D000D57EF9 /* MayISBNFormatter.m in Sources */,
				24D02F5D1D03A26300C8110A /* Place+CoreDataProperties.m in Sources */,
				2469A60C1CD02CA300079F58 /* MayISBNGoogleResolver.m in Sources */,
				24C59F421E0603CD00635097 /* Someone+CoreDataClass.m in Sources */,
				2401354E1D706100002DC339 /* MayTableViewOptionsController.m in Sources */,
				24E58BD21DA38DD5003F64AA /* Store.m in Sources */,
				24AD23681D7B6A7000A48C64 /* MaySearchController.m in Sources */,
				248ED2611CCA8E2800D57EF9 /* MayISBN.m in Sources */,
				249C62901CCA31B2005F77C1 /* AppDelegate.m in Sources */,
				248000771DC6D6C900114F9F /* MayImagePickerController.m in Sources */,
				249C62C61CCA3D8A005F77C1 /* MayBarCodeScannerController.m in Sources */,
				248775081D71E7AB008FCA2E /* MayActionOptionCell.m in Sources */,
				24D02F551CFFB75B00C8110A /* MayUserDefaults.m in Sources */,
				249C62991CCA31B2005F77C1 /* MayLibre.xcdatamodeld in Sources */,
				24D02F521CFF237C00C8110A /* MayEntrySummaryFormController.m in Sources */,
				2469A6091CD00DC200079F58 /* MayEntryFormController.m in Sources */,
				249C62BD1CCA3ACE005F77C1 /* MayEntriesController.m in Sources */,
				24C59F431E0603CD00635097 /* Someone+CoreDataProperties.m in Sources */,
				248000761DC6D6C900114F9F /* MayImageCropperController.m in Sources */,
				24AD236B1D7B6AA200A48C64 /* MaySearchBar.m in Sources */,
				24C59F461E06CAA200635097 /* MayEntryDetailsController.m in Sources */,
				24C8BCDC1DA776F90076F6DE /* FetchedResultsControllerDataSource.m in Sources */,
				24AD23601D7B491000A48C64 /* MayTableViewOptionsTransitionAnimator.m in Sources */,
				24E58BCF1DA2C339003F64AA /* CoreDataStack.m in Sources */,
				247A9F711CD2CA47007A0D78 /* Category+CoreDataProperties.m in Sources */,
				2469A6111CD0495100079F58 /* Entry+CoreDataProperties.m in Sources */,
				248774FE1D71DB0E008FCA2E /* MaySortOptionCell.m in Sources */,
				248ED2741CCECCCE00D57EF9 /* MayISBNRangeDictionary.m in Sources */,
				249C628D1CCA31B2005F77C1 /* main.m in Sources */,
				247A9F751CD4C278007A0D78 /* HomeController.m in Sources */,
				247A9F6C1CD1F2BF007A0D78 /* MayDigest.m in Sources */,
				24D02F5E1D03A26300C8110A /* Place.m in Sources */,
			);
			runOnlyForDeploymentPostprocessing = 0;
		};
		249C62A01CCA31B2005F77C1 /* Sources */ = {
			isa = PBXSourcesBuildPhase;
			buildActionMask = 2147483647;
			files = (
				247116C21D83FCD30085A086 /* MayTableViewOptionsBagTests.m in Sources */,
				249C62A91CCA31B2005F77C1 /* MayLibreTests.m in Sources */,
				248ED2661CCCBE9800D57EF9 /* MayISBNTests.m in Sources */,
			);
			runOnlyForDeploymentPostprocessing = 0;
		};
/* End PBXSourcesBuildPhase section */

/* Begin PBXTargetDependency section */
		249C62A61CCA31B2005F77C1 /* PBXTargetDependency */ = {
			isa = PBXTargetDependency;
			target = 249C62871CCA31B2005F77C1 /* MayLibre */;
			targetProxy = 249C62A51CCA31B2005F77C1 /* PBXContainerItemProxy */;
		};
/* End PBXTargetDependency section */

/* Begin PBXVariantGroup section */
		249C62941CCA31B2005F77C1 /* Main.storyboard */ = {
			isa = PBXVariantGroup;
			children = (
				249C62951CCA31B2005F77C1 /* Base */,
				24CDAB801E07B8F9004707E4 /* de */,
			);
			name = Main.storyboard;
			sourceTree = "<group>";
		};
		249C629C1CCA31B2005F77C1 /* LaunchScreen.storyboard */ = {
			isa = PBXVariantGroup;
			children = (
				249C629D1CCA31B2005F77C1 /* Base */,
				24CDAB811E07B8FA004707E4 /* de */,
			);
			name = LaunchScreen.storyboard;
			sourceTree = "<group>";
		};
		24CDAB861E07CC3B004707E4 /* Localizable.strings */ = {
			isa = PBXVariantGroup;
			children = (
				24CDAB851E07CC3B004707E4 /* de */,
				24CDAB8A1E07D2AE004707E4 /* Base */,
			);
			name = Localizable.strings;
			sourceTree = "<group>";
		};
/* End PBXVariantGroup section */

/* Begin XCBuildConfiguration section */
		249C62AB1CCA31B2005F77C1 /* Debug */ = {
			isa = XCBuildConfiguration;
			buildSettings = {
				ALWAYS_SEARCH_USER_PATHS = NO;
				CLANG_ANALYZER_LOCALIZABILITY_NONLOCALIZED = YES;
				CLANG_ANALYZER_NONNULL = YES;
				CLANG_CXX_LANGUAGE_STANDARD = "gnu++0x";
				CLANG_CXX_LIBRARY = "libc++";
				CLANG_ENABLE_MODULES = YES;
				CLANG_ENABLE_OBJC_ARC = YES;
				CLANG_WARN_BOOL_CONVERSION = YES;
				CLANG_WARN_CONSTANT_CONVERSION = YES;
				CLANG_WARN_DIRECT_OBJC_ISA_USAGE = YES_ERROR;
				CLANG_WARN_EMPTY_BODY = YES;
				CLANG_WARN_ENUM_CONVERSION = YES;
				CLANG_WARN_INFINITE_RECURSION = YES;
				CLANG_WARN_INT_CONVERSION = YES;
				CLANG_WARN_OBJC_ROOT_CLASS = YES_ERROR;
				CLANG_WARN_SUSPICIOUS_MOVE = YES;
				CLANG_WARN_UNREACHABLE_CODE = YES;
				CLANG_WARN__DUPLICATE_METHOD_MATCH = YES;
				"CODE_SIGN_IDENTITY[sdk=iphoneos*]" = "iPhone Developer";
				COPY_PHASE_STRIP = NO;
				DEBUG_INFORMATION_FORMAT = dwarf;
				DEFINES_MODULE = YES;
				ENABLE_STRICT_OBJC_MSGSEND = YES;
				ENABLE_TESTABILITY = YES;
				GCC_C_LANGUAGE_STANDARD = gnu99;
				GCC_DYNAMIC_NO_PIC = NO;
				GCC_NO_COMMON_BLOCKS = YES;
				GCC_OPTIMIZATION_LEVEL = 0;
				GCC_PREPROCESSOR_DEFINITIONS = (
					"DEBUG=1",
					"$(inherited)",
				);
				GCC_WARN_64_TO_32_BIT_CONVERSION = YES;
				GCC_WARN_ABOUT_RETURN_TYPE = YES_ERROR;
				GCC_WARN_UNDECLARED_SELECTOR = YES;
				GCC_WARN_UNINITIALIZED_AUTOS = YES_AGGRESSIVE;
				GCC_WARN_UNUSED_FUNCTION = YES;
				GCC_WARN_UNUSED_VARIABLE = YES;
				IPHONEOS_DEPLOYMENT_TARGET = 9.0;
				MTL_ENABLE_DEBUG_INFO = YES;
				ONLY_ACTIVE_ARCH = YES;
				SDKROOT = iphoneos;
				TARGETED_DEVICE_FAMILY = "1,2";
			};
			name = Debug;
		};
		249C62AC1CCA31B2005F77C1 /* Release */ = {
			isa = XCBuildConfiguration;
			buildSettings = {
				ALWAYS_SEARCH_USER_PATHS = NO;
				CLANG_ANALYZER_LOCALIZABILITY_NONLOCALIZED = YES;
				CLANG_ANALYZER_NONNULL = YES;
				CLANG_CXX_LANGUAGE_STANDARD = "gnu++0x";
				CLANG_CXX_LIBRARY = "libc++";
				CLANG_ENABLE_MODULES = YES;
				CLANG_ENABLE_OBJC_ARC = YES;
				CLANG_WARN_BOOL_CONVERSION = YES;
				CLANG_WARN_CONSTANT_CONVERSION = YES;
				CLANG_WARN_DIRECT_OBJC_ISA_USAGE = YES_ERROR;
				CLANG_WARN_EMPTY_BODY = YES;
				CLANG_WARN_ENUM_CONVERSION = YES;
				CLANG_WARN_INFINITE_RECURSION = YES;
				CLANG_WARN_INT_CONVERSION = YES;
				CLANG_WARN_OBJC_ROOT_CLASS = YES_ERROR;
				CLANG_WARN_SUSPICIOUS_MOVE = YES;
				CLANG_WARN_UNREACHABLE_CODE = YES;
				CLANG_WARN__DUPLICATE_METHOD_MATCH = YES;
				"CODE_SIGN_IDENTITY[sdk=iphoneos*]" = "iPhone Developer";
				COPY_PHASE_STRIP = NO;
				DEBUG_INFORMATION_FORMAT = "dwarf-with-dsym";
				DEFINES_MODULE = YES;
				ENABLE_NS_ASSERTIONS = NO;
				ENABLE_STRICT_OBJC_MSGSEND = YES;
				GCC_C_LANGUAGE_STANDARD = gnu99;
				GCC_NO_COMMON_BLOCKS = YES;
				GCC_WARN_64_TO_32_BIT_CONVERSION = YES;
				GCC_WARN_ABOUT_RETURN_TYPE = YES_ERROR;
				GCC_WARN_UNDECLARED_SELECTOR = YES;
				GCC_WARN_UNINITIALIZED_AUTOS = YES_AGGRESSIVE;
				GCC_WARN_UNUSED_FUNCTION = YES;
				GCC_WARN_UNUSED_VARIABLE = YES;
				IPHONEOS_DEPLOYMENT_TARGET = 9.0;
				MTL_ENABLE_DEBUG_INFO = NO;
				SDKROOT = iphoneos;
				TARGETED_DEVICE_FAMILY = "1,2";
				VALIDATE_PRODUCT = YES;
			};
			name = Release;
		};
		249C62AE1CCA31B2005F77C1 /* Debug */ = {
			isa = XCBuildConfiguration;
			baseConfigurationReference = A679D81E5F1819611EEAF0BA /* Pods-MayLibre.debug.xcconfig */;
			buildSettings = {
				ASSETCATALOG_COMPILER_APPICON_NAME = AppIcon;
				CLANG_ENABLE_MODULES = YES;
				CODE_SIGN_IDENTITY = "iPhone Developer";
				"CODE_SIGN_IDENTITY[sdk=iphoneos*]" = "iPhone Developer";
				DEVELOPMENT_TEAM = L79BTFY6FV;
				INFOPLIST_FILE = MayLibre/Info.plist;
				IPHONEOS_DEPLOYMENT_TARGET = 9.0;
				LD_RUNPATH_SEARCH_PATHS = "$(inherited) @executable_path/Frameworks";
				PRODUCT_BUNDLE_IDENTIFIER = de.mayflower.jo.maylibre;
				PRODUCT_NAME = "$(TARGET_NAME)";
				SWIFT_OBJC_BRIDGING_HEADER = "MayLibre/MayLibre-Bridging-Header.h";
				SWIFT_OPTIMIZATION_LEVEL = "-Onone";
				TARGETED_DEVICE_FAMILY = "1,2";
			};
			name = Debug;
		};
		249C62AF1CCA31B2005F77C1 /* Release */ = {
			isa = XCBuildConfiguration;
			baseConfigurationReference = F5CAC6D1C6BA4EA5D98F8E95 /* Pods-MayLibre.release.xcconfig */;
			buildSettings = {
				ASSETCATALOG_COMPILER_APPICON_NAME = AppIcon;
				CLANG_ENABLE_MODULES = YES;
				CODE_SIGN_IDENTITY = "iPhone Developer";
				"CODE_SIGN_IDENTITY[sdk=iphoneos*]" = "iPhone Developer";
				DEVELOPMENT_TEAM = L79BTFY6FV;
				INFOPLIST_FILE = MayLibre/Info.plist;
				IPHONEOS_DEPLOYMENT_TARGET = 9.0;
				LD_RUNPATH_SEARCH_PATHS = "$(inherited) @executable_path/Frameworks";
				PRODUCT_BUNDLE_IDENTIFIER = de.mayflower.jo.maylibre;
				PRODUCT_NAME = "$(TARGET_NAME)";
				SWIFT_OBJC_BRIDGING_HEADER = "MayLibre/MayLibre-Bridging-Header.h";
				TARGETED_DEVICE_FAMILY = "1,2";
			};
			name = Release;
		};
		249C62B11CCA31B2005F77C1 /* Debug */ = {
			isa = XCBuildConfiguration;
			baseConfigurationReference = 42F4FB984F2EC3706A919E68 /* Pods-MayLibreTests.debug.xcconfig */;
			buildSettings = {
				BUNDLE_LOADER = "$(TEST_HOST)";
				CLANG_ENABLE_MODULES = YES;
				INFOPLIST_FILE = MayLibreTests/Info.plist;
				LD_RUNPATH_SEARCH_PATHS = "$(inherited) @executable_path/Frameworks @loader_path/Frameworks";
				PRODUCT_BUNDLE_IDENTIFIER = de.mayflower.jo.MayLibreTests;
				PRODUCT_NAME = "$(TARGET_NAME)";
				SWIFT_OBJC_BRIDGING_HEADER = "MayLibreTests-Bridging-Header.h";
				SWIFT_OPTIMIZATION_LEVEL = "-Onone";
				SWIFT_VERSION = 3.0;
				TEST_HOST = "$(BUILT_PRODUCTS_DIR)/MayLibre.app/MayLibre";
			};
			name = Debug;
		};
		249C62B21CCA31B2005F77C1 /* Release */ = {
			isa = XCBuildConfiguration;
			baseConfigurationReference = 0828FE82DA205F70AE18FC1A /* Pods-MayLibreTests.release.xcconfig */;
			buildSettings = {
				BUNDLE_LOADER = "$(TEST_HOST)";
				CLANG_ENABLE_MODULES = YES;
				INFOPLIST_FILE = MayLibreTests/Info.plist;
				LD_RUNPATH_SEARCH_PATHS = "$(inherited) @executable_path/Frameworks @loader_path/Frameworks";
				PRODUCT_BUNDLE_IDENTIFIER = de.mayflower.jo.MayLibreTests;
				PRODUCT_NAME = "$(TARGET_NAME)";
				SWIFT_OBJC_BRIDGING_HEADER = "MayLibreTests-Bridging-Header.h";
				SWIFT_VERSION = 3.0;
				TEST_HOST = "$(BUILT_PRODUCTS_DIR)/MayLibre.app/MayLibre";
			};
			name = Release;
		};
/* End XCBuildConfiguration section */

/* Begin XCConfigurationList section */
		249C62831CCA31B2005F77C1 /* Build configuration list for PBXProject "MayLibre" */ = {
			isa = XCConfigurationList;
			buildConfigurations = (
				249C62AB1CCA31B2005F77C1 /* Debug */,
				249C62AC1CCA31B2005F77C1 /* Release */,
			);
			defaultConfigurationIsVisible = 0;
			defaultConfigurationName = Release;
		};
		249C62AD1CCA31B2005F77C1 /* Build configuration list for PBXNativeTarget "MayLibre" */ = {
			isa = XCConfigurationList;
			buildConfigurations = (
				249C62AE1CCA31B2005F77C1 /* Debug */,
				249C62AF1CCA31B2005F77C1 /* Release */,
			);
			defaultConfigurationIsVisible = 0;
			defaultConfigurationName = Release;
		};
		249C62B01CCA31B2005F77C1 /* Build configuration list for PBXNativeTarget "MayLibreTests" */ = {
			isa = XCConfigurationList;
			buildConfigurations = (
				249C62B11CCA31B2005F77C1 /* Debug */,
				249C62B21CCA31B2005F77C1 /* Release */,
			);
			defaultConfigurationIsVisible = 0;
			defaultConfigurationName = Release;
		};
/* End XCConfigurationList section */

/* Begin XCVersionGroup section */
		249C62971CCA31B2005F77C1 /* MayLibre.xcdatamodeld */ = {
			isa = XCVersionGroup;
			children = (
				24DFC5121DFEC8ED008562CB /* MayLibre-alpha-3.xcdatamodel */,
				247116BE1D80685D0085A086 /* MayLibre-alpha- 2.xcdatamodel */,
				24AD236C1D7CD7E300A48C64 /* MayLibre-alpha-1.xcdatamodel */,
				249C62981CCA31B2005F77C1 /* MayLibre.xcdatamodel */,
			);
			currentVersion = 24DFC5121DFEC8ED008562CB /* MayLibre-alpha-3.xcdatamodel */;
			path = MayLibre.xcdatamodeld;
			sourceTree = "<group>";
			versionGroupType = wrapper.xcdatamodel;
		};
/* End XCVersionGroup section */
	};
	rootObject = 249C62801CCA31B2005F77C1 /* Project object */;
}
